{
  "object": {
    "pins": [
      {
        "package": "AWSSDKSwift",
        "repositoryURL": "https://github.com/swift-aws/aws-sdk-swift",
        "state": {
          "branch": "jmsmith-multiple-targets",
          "revision": "20cae86fc5ee3eeaa4d57c4725a5da2ae077faba",
          "version": null
        }
      },
      {
        "package": "AWSSDKSwiftCore",
        "repositoryURL": "https://github.com/swift-aws/aws-sdk-swift-core.git",
        "state": {
          "branch": "xml-parsing",
          "revision": "6e182bc0e8cef1d5e3f7bd5b9a5a13ad2365f66a",
          "version": null
        }
      },
      {
        "package": "HypertextApplicationLanguage",
        "repositoryURL": "https://github.com/Yasumoto/HypertextApplicationLanguage.git",
        "state": {
          "branch": null,
          "revision": "2302002502fe573494577cc6e8df686e385519f8",
          "version": "1.1.0"
        }
      },
      {
        "package": "swift-nio",
        "repositoryURL": "https://github.com/apple/swift-nio.git",
        "state": {
          "branch": null,
          "revision": "f42c836ba58e3e38688acdb75df986dff02717f1",
          "version": "1.9.4"
        }
      },
      {
        "package": "swift-nio-ssl",
        "repositoryURL": "https://github.com/apple/swift-nio-ssl",
        "state": {
          "branch": null,
          "revision": "6617eb0d3afcb12170594968df01ca63afb58ac5",
          "version": "1.2.0"
        }
      },
      {
        "package": "swift-nio-ssl-support",
        "repositoryURL": "https://github.com/apple/swift-nio-ssl-support.git",
        "state": {
          "branch": null,
          "revision": "c02eec4e0e6d351cd092938cf44195a8e669f555",
          "version": "1.0.0"
        }
      },
      {
        "package": "swift-nio-zlib-support",
        "repositoryURL": "https://github.com/apple/swift-nio-zlib-support.git",
        "state": {
          "branch": null,
          "revision": "37760e9a52030bb9011972c5213c3350fa9d41fd",
          "version": "1.0.0"
        }
      },
      {
        "package": "SwiftyJSON",
        "repositoryURL": "https://github.com/IBM-Swift/SwiftyJSON.git",
        "state": {
          "branch": null,
          "revision": "693d2d28fe2f91aedf02c3754baade625fd97c46",
          "version": "17.0.2"
        }
      }
    ]
  },
  "version": 1
}
